// !$*UTF8*$!
{
	archiveVersion = 1;
	classes = {
	};
	objectVersion = 56;
	objects = {

/* Begin PBXBuildFile section */
		209A060FEB144F37A6D9A323 /* DialedInApp.swift in Sources */ = {isa = PBXBuildFile; fileRef = 17470C307BF74350A67F6D92 /* DialedInApp.swift */; };
		21690F91E30F44858BDE7AFD /* AppTheme.swift in Sources */ = {isa = PBXBuildFile; fileRef = 66FB5A22D274414982C437AF /* AppTheme.swift */; };
		84189582612143D69F404CCF /* AppDelegate.swift in Sources */ = {isa = PBXBuildFile; fileRef = 2C70F23B17144ACF9846F8FD /* AppDelegate.swift */; };
		9477890C95D54D459C692F15 /* MealCategory.swift in Sources */ = {isa = PBXBuildFile; fileRef = 05D3A7B81B1A47EDACB322DC /* MealCategory.swift */; };
		4367BAA8E857470D9A485A3A /* Reminder.swift in Sources */ = {isa = PBXBuildFile; fileRef = C52B24D5C33440C0BC7E33C6 /* Reminder.swift */; };
		9059C92C420544BC8C3BF7F0 /* AppError.swift in Sources */ = {isa = PBXBuildFile; fileRef = 249EEE75A7CA432990C6FA43 /* AppError.swift */; };
		63B10EAAEE67494B9884E252 /* ReminderEntry.swift in Sources */ = {isa = PBXBuildFile; fileRef = 5B766AEB1E124C0A965140D2 /* ReminderEntry.swift */; };
		0BDAD6B70E4E4781ACF2CB16 /* Meal.swift in Sources */ = {isa = PBXBuildFile; fileRef = 6E99B6F5B5FA4A7CBF17C3A6 /* Meal.swift */; };
		E4580AD6438E4C2DBEA680B1 /* ActivitySession.swift in Sources */ = {isa = PBXBuildFile; fileRef = DFC07BF347A048D4B60216BE /* ActivitySession.swift */; };
		44AFF7CBF07E4F6983431A44 /* TimerActivityAttributes.swift in Sources */ = {isa = PBXBuildFile; fileRef = 4C6EEAC9FA9E44C691202517 /* TimerActivityAttributes.swift */; };
		B97E671821314BC5B73925F9 /* ActivityType.swift in Sources */ = {isa = PBXBuildFile; fileRef = 87AF2642975C47B2BA30CE79 /* ActivityType.swift */; };
		67088D1900644BAFBE20EA48 /* Activity.swift in Sources */ = {isa = PBXBuildFile; fileRef = 9859E42EEFF64AABAB1462E4 /* Activity.swift */; };
		2956F858AD6A4901989656D2 /* Int+TimeFormatting.swift in Sources */ = {isa = PBXBuildFile; fileRef = EC9555438FAF491B9416AEC4 /* Int+TimeFormatting.swift */; };
		1790206C047B4E5498956DAF /* SettingsView.swift in Sources */ = {isa = PBXBuildFile; fileRef = 2803BF43E35A41068AED3421 /* SettingsView.swift */; };
		FD30AB18FD1446FF8DA93EC8 /* HomeView.swift in Sources */ = {isa = PBXBuildFile; fileRef = 863E8159201E4938AFA16282 /* HomeView.swift */; };
		0C84887983A244D1A7667751 /* ContentView.swift in Sources */ = {isa = PBXBuildFile; fileRef = 13556156D1A64D2C980607DC /* ContentView.swift */; };
		CEC29CE36DF1434AB007B1AA /* SessionDetailView.swift in Sources */ = {isa = PBXBuildFile; fileRef = FB567E4D89B047E7BD7E43D9 /* SessionDetailView.swift */; };
		D6510F62BF6942DABC94D156 /* ActivitiesListView.swift in Sources */ = {isa = PBXBuildFile; fileRef = 86181982B73044BA9753B926 /* ActivitiesListView.swift */; };
		EC149B5E4034425797E3F538 /* StartSessionView.swift in Sources */ = {isa = PBXBuildFile; fileRef = 11F295550398465EAC024D12 /* StartSessionView.swift */; };
		EA92A0803E824E34950DB889 /* SessionHistoryView.swift in Sources */ = {isa = PBXBuildFile; fileRef = ECF9E132B478479FA93D77D6 /* SessionHistoryView.swift */; };
		BDDAD3AD3237497D93E46CDF /* ActiveTimerView.swift in Sources */ = {isa = PBXBuildFile; fileRef = A3ED26A0418F43EE833150B1 /* ActiveTimerView.swift */; };
		C999999C61C64D1E98A0B09A /* AddActivityView.swift in Sources */ = {isa = PBXBuildFile; fileRef = E3F7D13AF9514FDFB21A4613 /* AddActivityView.swift */; };
		F2D108945DC44923B1D91642 /* MealDetailView.swift in Sources */ = {isa = PBXBuildFile; fileRef = 1BA6DF965A824EA19BB00DDB /* MealDetailView.swift */; };
		28B9AFD152594D61AF6DC900 /* AddMealView.swift in Sources */ = {isa = PBXBuildFile; fileRef = 5DF5AB7DA989431487AB7686 /* AddMealView.swift */; };
		010A583888D1492D8BF2D37A /* MealsListView.swift in Sources */ = {isa = PBXBuildFile; fileRef = 4D811FC0591448D0A727F40E /* MealsListView.swift */; };
		7D7E6CCCF02E420494914BC8 /* MealRowView.swift in Sources */ = {isa = PBXBuildFile; fileRef = F86D7709000C4047AFC80152 /* MealRowView.swift */; };
		27D8D776689D4FF6B7A4C3E9 /* ReminderDetailView.swift in Sources */ = {isa = PBXBuildFile; fileRef = 7E9B2329F09042A8BC79F528 /* ReminderDetailView.swift */; };
		1D6F105F16324D0A82E63FC6 /* AddReminderView.swift in Sources */ = {isa = PBXBuildFile; fileRef = 9C377AEFEEB94DCBBAE9BCFC /* AddReminderView.swift */; };
		154FF3E2A77E482CA3D699BE /* ReminderRowView.swift in Sources */ = {isa = PBXBuildFile; fileRef = 70250A26401149089C244A30 /* ReminderRowView.swift */; };
		3A91E0AF3D1C4E23B898E7C5 /* RemindersListView.swift in Sources */ = {isa = PBXBuildFile; fileRef = 4461348A7357409A8D8A216E /* RemindersListView.swift */; };
		D6EA0607186446AC9403D396 /* APIKeys.swift in Sources */ = {isa = PBXBuildFile; fileRef = A659126D53394F5CA26A0605 /* APIKeys.swift */; };
		4978CC958D724B6FAE34ABAD /* ImagePicker.swift in Sources */ = {isa = PBXBuildFile; fileRef = A7EFB0983EA04DFC881BF5B7 /* ImagePicker.swift */; };
		12E98651CDD3499482D0105C /* GeminiService.swift in Sources */ = {isa = PBXBuildFile; fileRef = 37785D1D0541436F81E12DE2 /* GeminiService.swift */; };
		E726A603D273422FA30CA1C7 /* NotificationService.swift in Sources */ = {isa = PBXBuildFile; fileRef = 3D1FFF9F4E234F94AED02E48 /* NotificationService.swift */; };
		1D1569B2A03548878163E03F /* LiveActivityService.swift in Sources */ = {isa = PBXBuildFile; fileRef = 16EA56F803D046DBBEA200E3 /* LiveActivityService.swift */; };
		AEBCAB02A45D4BF398E43BA7 /* DeepLinkRouter.swift in Sources */ = {isa = PBXBuildFile; fileRef = 2596DCB9A57943839BABF507 /* DeepLinkRouter.swift */; };
		0325F7303F5B4411819D48B6 /* Assets.xcassets in Resources */ = {isa = PBXBuildFile; fileRef = 8D5EC34DAD544FC08A2C9161 /* Assets.xcassets */; };
		7136F015999747B8A7EBC0D4 /* DialedInTimerLiveActivity.swift in Sources */ = {isa = PBXBuildFile; fileRef = 0DCD7D7909494765A2B885C8 /* DialedInTimerLiveActivity.swift */; };
		AA1093F3A46A445581F095F6 /* DialedInTimerBundle.swift in Sources */ = {isa = PBXBuildFile; fileRef = 67ED85801AAA4FD2873116F9 /* DialedInTimerBundle.swift */; };
		9783F4DCF9884A1082C05DC6 /* TimerActivityAttributes.swift in Sources */ = {isa = PBXBuildFile; fileRef = 4C6EEAC9FA9E44C691202517 /* TimerActivityAttributes.swift */; };
		EB944280972B4E79B4838176 /* DialedInTimer.appex in Embed Foundation Extensions */ = {isa = PBXBuildFile; fileRef = A106EE30BB134DDA96A7CEEF /* DialedInTimer.appex */; settings = {ATTRIBUTES = (RemoveHeadersOnCopy, ); }; };
/* End PBXBuildFile section */

/* Begin PBXContainerItemProxy section */
		384A12DE19884C36972FD4A5 /* PBXContainerItemProxy */ = {
			isa = PBXContainerItemProxy;
			containerPortal = B9D815A0BB854EF2AB50C0A3 /* Project object */;
			proxyType = 1;
			remoteGlobalIDString = 57966A53A85B436BA95D7565;
			remoteInfo = DialedInTimer;
		};
/* End PBXContainerItemProxy section */

/* Begin PBXCopyFilesBuildPhase section */
		B24CB92F6B3F46CD824A2F67 /* Embed Foundation Extensions */ = {
			isa = PBXCopyFilesBuildPhase;
			buildActionMask = 2147483647;
			dstPath = "";
			dstSubfolderSpec = 13;
			files = (
				EB944280972B4E79B4838176 /* DialedInTimer.appex in Embed Foundation Extensions */,
			);
			name = "Embed Foundation Extensions";
			runOnlyForDeploymentPostprocessing = 0;
		};
/* End PBXCopyFilesBuildPhase section */

/* Begin PBXFileReference section */
		17470C307BF74350A67F6D92 /* DialedInApp.swift */ = {isa = PBXFileReference; lastKnownFileType = sourcecode.swift; path = "DialedInApp.swift"; sourceTree = "<group>"; };
		66FB5A22D274414982C437AF /* AppTheme.swift */ = {isa = PBXFileReference; lastKnownFileType = sourcecode.swift; path = "AppTheme.swift"; sourceTree = "<group>"; };
		2C70F23B17144ACF9846F8FD /* AppDelegate.swift */ = {isa = PBXFileReference; lastKnownFileType = sourcecode.swift; path = "AppDelegate.swift"; sourceTree = "<group>"; };
		05D3A7B81B1A47EDACB322DC /* MealCategory.swift */ = {isa = PBXFileReference; lastKnownFileType = sourcecode.swift; path = "MealCategory.swift"; sourceTree = "<group>"; };
		C52B24D5C33440C0BC7E33C6 /* Reminder.swift */ = {isa = PBXFileReference; lastKnownFileType = sourcecode.swift; path = "Reminder.swift"; sourceTree = "<group>"; };
		249EEE75A7CA432990C6FA43 /* AppError.swift */ = {isa = PBXFileReference; lastKnownFileType = sourcecode.swift; path = "AppError.swift"; sourceTree = "<group>"; };
		5B766AEB1E124C0A965140D2 /* ReminderEntry.swift */ = {isa = PBXFileReference; lastKnownFileType = sourcecode.swift; path = "ReminderEntry.swift"; sourceTree = "<group>"; };
		6E99B6F5B5FA4A7CBF17C3A6 /* Meal.swift */ = {isa = PBXFileReference; lastKnownFileType = sourcecode.swift; path = "Meal.swift"; sourceTree = "<group>"; };
		DFC07BF347A048D4B60216BE /* ActivitySession.swift */ = {isa = PBXFileReference; lastKnownFileType = sourcecode.swift; path = "ActivitySession.swift"; sourceTree = "<group>"; };
		4C6EEAC9FA9E44C691202517 /* TimerActivityAttributes.swift */ = {isa = PBXFileReference; lastKnownFileType = sourcecode.swift; path = "TimerActivityAttributes.swift"; sourceTree = "<group>"; };
		87AF2642975C47B2BA30CE79 /* ActivityType.swift */ = {isa = PBXFileReference; lastKnownFileType = sourcecode.swift; path = "ActivityType.swift"; sourceTree = "<group>"; };
		9859E42EEFF64AABAB1462E4 /* Activity.swift */ = {isa = PBXFileReference; lastKnownFileType = sourcecode.swift; path = "Activity.swift"; sourceTree = "<group>"; };
		EC9555438FAF491B9416AEC4 /* Int+TimeFormatting.swift */ = {isa = PBXFileReference; lastKnownFileType = sourcecode.swift; path = "Int+TimeFormatting.swift"; sourceTree = "<group>"; };
		2803BF43E35A41068AED3421 /* SettingsView.swift */ = {isa = PBXFileReference; lastKnownFileType = sourcecode.swift; path = "SettingsView.swift"; sourceTree = "<group>"; };
		863E8159201E4938AFA16282 /* HomeView.swift */ = {isa = PBXFileReference; lastKnownFileType = sourcecode.swift; path = "HomeView.swift"; sourceTree = "<group>"; };
		13556156D1A64D2C980607DC /* ContentView.swift */ = {isa = PBXFileReference; lastKnownFileType = sourcecode.swift; path = "ContentView.swift"; sourceTree = "<group>"; };
		FB567E4D89B047E7BD7E43D9 /* SessionDetailView.swift */ = {isa = PBXFileReference; lastKnownFileType = sourcecode.swift; path = "SessionDetailView.swift"; sourceTree = "<group>"; };
		86181982B73044BA9753B926 /* ActivitiesListView.swift */ = {isa = PBXFileReference; lastKnownFileType = sourcecode.swift; path = "ActivitiesListView.swift"; sourceTree = "<group>"; };
		11F295550398465EAC024D12 /* StartSessionView.swift */ = {isa = PBXFileReference; lastKnownFileType = sourcecode.swift; path = "StartSessionView.swift"; sourceTree = "<group>"; };
		ECF9E132B478479FA93D77D6 /* SessionHistoryView.swift */ = {isa = PBXFileReference; lastKnownFileType = sourcecode.swift; path = "SessionHistoryView.swift"; sourceTree = "<group>"; };
		A3ED26A0418F43EE833150B1 /* ActiveTimerView.swift */ = {isa = PBXFileReference; lastKnownFileType = sourcecode.swift; path = "ActiveTimerView.swift"; sourceTree = "<group>"; };
		E3F7D13AF9514FDFB21A4613 /* AddActivityView.swift */ = {isa = PBXFileReference; lastKnownFileType = sourcecode.swift; path = "AddActivityView.swift"; sourceTree = "<group>"; };
		1BA6DF965A824EA19BB00DDB /* MealDetailView.swift */ = {isa = PBXFileReference; lastKnownFileType = sourcecode.swift; path = "MealDetailView.swift"; sourceTree = "<group>"; };
		5DF5AB7DA989431487AB7686 /* AddMealView.swift */ = {isa = PBXFileReference; lastKnownFileType = sourcecode.swift; path = "AddMealView.swift"; sourceTree = "<group>"; };
		4D811FC0591448D0A727F40E /* MealsListView.swift */ = {isa = PBXFileReference; lastKnownFileType = sourcecode.swift; path = "MealsListView.swift"; sourceTree = "<group>"; };
		F86D7709000C4047AFC80152 /* MealRowView.swift */ = {isa = PBXFileReference; lastKnownFileType = sourcecode.swift; path = "MealRowView.swift"; sourceTree = "<group>"; };
		7E9B2329F09042A8BC79F528 /* ReminderDetailView.swift */ = {isa = PBXFileReference; lastKnownFileType = sourcecode.swift; path = "ReminderDetailView.swift"; sourceTree = "<group>"; };
		9C377AEFEEB94DCBBAE9BCFC /* AddReminderView.swift */ = {isa = PBXFileReference; lastKnownFileType = sourcecode.swift; path = "AddReminderView.swift"; sourceTree = "<group>"; };
		70250A26401149089C244A30 /* ReminderRowView.swift */ = {isa = PBXFileReference; lastKnownFileType = sourcecode.swift; path = "ReminderRowView.swift"; sourceTree = "<group>"; };
		4461348A7357409A8D8A216E /* RemindersListView.swift */ = {isa = PBXFileReference; lastKnownFileType = sourcecode.swift; path = "RemindersListView.swift"; sourceTree = "<group>"; };
		A659126D53394F5CA26A0605 /* APIKeys.swift */ = {isa = PBXFileReference; lastKnownFileType = sourcecode.swift; path = "APIKeys.swift"; sourceTree = "<group>"; };
		A7EFB0983EA04DFC881BF5B7 /* ImagePicker.swift */ = {isa = PBXFileReference; lastKnownFileType = sourcecode.swift; path = "ImagePicker.swift"; sourceTree = "<group>"; };
		37785D1D0541436F81E12DE2 /* GeminiService.swift */ = {isa = PBXFileReference; lastKnownFileType = sourcecode.swift; path = "GeminiService.swift"; sourceTree = "<group>"; };
		3D1FFF9F4E234F94AED02E48 /* NotificationService.swift */ = {isa = PBXFileReference; lastKnownFileType = sourcecode.swift; path = "NotificationService.swift"; sourceTree = "<group>"; };
		16EA56F803D046DBBEA200E3 /* LiveActivityService.swift */ = {isa = PBXFileReference; lastKnownFileType = sourcecode.swift; path = "LiveActivityService.swift"; sourceTree = "<group>"; };
		2596DCB9A57943839BABF507 /* DeepLinkRouter.swift */ = {isa = PBXFileReference; lastKnownFileType = sourcecode.swift; path = "DeepLinkRouter.swift"; sourceTree = "<group>"; };
		8D5EC34DAD544FC08A2C9161 /* Assets.xcassets */ = {isa = PBXFileReference; lastKnownFileType = folder.assetcatalog; path = Assets.xcassets; sourceTree = "<group>"; };
		5AC17F4CC5C14A9EB437894C /* DialedIn.app */ = {isa = PBXFileReference; explicitFileType = wrapper.application; includeInIndex = 0; path = "DialedIn.app"; sourceTree = BUILT_PRODUCTS_DIR; };
		0DCD7D7909494765A2B885C8 /* DialedInTimerLiveActivity.swift */ = {isa = PBXFileReference; lastKnownFileType = sourcecode.swift; path = "DialedInTimerLiveActivity.swift"; sourceTree = "<group>"; };
		67ED85801AAA4FD2873116F9 /* DialedInTimerBundle.swift */ = {isa = PBXFileReference; lastKnownFileType = sourcecode.swift; path = "DialedInTimerBundle.swift"; sourceTree = "<group>"; };
		6B654A5559AE4397A26F5591 /* Info.plist */ = {isa = PBXFileReference; lastKnownFileType = text.plist.xml; path = Info.plist; sourceTree = "<group>"; };
		A106EE30BB134DDA96A7CEEF /* DialedInTimer.appex */ = {isa = PBXFileReference; explicitFileType = "wrapper.app-extension"; includeInIndex = 0; path = "DialedInTimer.appex"; sourceTree = BUILT_PRODUCTS_DIR; };
/* End PBXFileReference section */

/* Begin PBXFrameworksBuildPhase section */
		3E6477C8F8094C7F8B30A0F7 /* Frameworks */ = {
			isa = PBXFrameworksBuildPhase;
			buildActionMask = 2147483647;
			files = (
			);
			runOnlyForDeploymentPostprocessing = 0;
		};
		C22C321C315D4B1CBB54281A /* Frameworks */ = {
			isa = PBXFrameworksBuildPhase;
			buildActionMask = 2147483647;
			files = (
			);
			runOnlyForDeploymentPostprocessing = 0;
		};
/* End PBXFrameworksBuildPhase section */

/* Begin PBXGroup section */
		AA9F6DE661AD42FF8D1C59EE = {
			isa = PBXGroup;
			children = (
				C421152E8FAA40BAB3B5E27C /* DialedIn */,
				BC6DF5FC0A734ED590472CCF /* DialedInTimer */,
				6B2A39160BDD4BC48CF97C90 /* Products */,
			);
			sourceTree = "<group>";
		};
		6B2A39160BDD4BC48CF97C90 /* Products */ = {
			isa = PBXGroup;
			children = (
				5AC17F4CC5C14A9EB437894C /* DialedIn.app */,
				A106EE30BB134DDA96A7CEEF /* DialedInTimer.appex */,
			);
			name = Products;
			sourceTree = "<group>";
		};
		BC6DF5FC0A734ED590472CCF /* DialedInTimer */ = {
			isa = PBXGroup;
			children = (
				0DCD7D7909494765A2B885C8 /* DialedInTimerLiveActivity.swift */,
				67ED85801AAA4FD2873116F9 /* DialedInTimerBundle.swift */,
				6B654A5559AE4397A26F5591 /* Info.plist */,
			);
			path = DialedInTimer;
			sourceTree = "<group>";
		};
		C421152E8FAA40BAB3B5E27C /* DialedIn */ = {
			isa = PBXGroup;
			children = (
				17470C307BF74350A67F6D92 /* DialedInApp.swift */,
				66FB5A22D274414982C437AF /* AppTheme.swift */,
				2C70F23B17144ACF9846F8FD /* AppDelegate.swift */,
				AE31155D3981438D92CA6BFA /* Models */,
				B3725293650D4E67B92367FD /* Views */,
				0ED39928D5DB450F97FCD374 /* ViewModels */,
				C9C9FC9EE07842AE99557B1F /* Services */,
				2BDB8E2375784359B652F09A /* Extensions */,
				897F0E213C0D465DBCBC18AB /* Resources */,
			);
			path = DialedIn;
			sourceTree = "<group>";
		};
		AE31155D3981438D92CA6BFA /* Models */ = {
			isa = PBXGroup;
			children = (
				05D3A7B81B1A47EDACB322DC /* MealCategory.swift */,
				C52B24D5C33440C0BC7E33C6 /* Reminder.swift */,
				249EEE75A7CA432990C6FA43 /* AppError.swift */,
				5B766AEB1E124C0A965140D2 /* ReminderEntry.swift */,
				6E99B6F5B5FA4A7CBF17C3A6 /* Meal.swift */,
				DFC07BF347A048D4B60216BE /* ActivitySession.swift */,
				4C6EEAC9FA9E44C691202517 /* TimerActivityAttributes.swift */,
				87AF2642975C47B2BA30CE79 /* ActivityType.swift */,
				9859E42EEFF64AABAB1462E4 /* Activity.swift */,
			);
			path = Models;
			sourceTree = "<group>";
		};
		B3725293650D4E67B92367FD /* Views */ = {
			isa = PBXGroup;
			children = (
				2803BF43E35A41068AED3421 /* SettingsView.swift */,
				863E8159201E4938AFA16282 /* HomeView.swift */,
				13556156D1A64D2C980607DC /* ContentView.swift */,
				C83C9B2EFCD64B04BACEEF0F /* Activities */,
				C43E37BC9FE24C719307D8E9 /* Nutrition */,
				F2679C5825F443C280CA6FEA /* Reminders */,
			);
			path = Views;
			sourceTree = "<group>";
		};
		C83C9B2EFCD64B04BACEEF0F /* Activities */ = {
			isa = PBXGroup;
			children = (
				FB567E4D89B047E7BD7E43D9 /* SessionDetailView.swift */,
				86181982B73044BA9753B926 /* ActivitiesListView.swift */,
				11F295550398465EAC024D12 /* StartSessionView.swift */,
				ECF9E132B478479FA93D77D6 /* SessionHistoryView.swift */,
				A3ED26A0418F43EE833150B1 /* ActiveTimerView.swift */,
				E3F7D13AF9514FDFB21A4613 /* AddActivityView.swift */,
			);
			path = Activities;
			sourceTree = "<group>";
		};
		C43E37BC9FE24C719307D8E9 /* Nutrition */ = {
			isa = PBXGroup;
			children = (
				1BA6DF965A824EA19BB00DDB /* MealDetailView.swift */,
				5DF5AB7DA989431487AB7686 /* AddMealView.swift */,
				4D811FC0591448D0A727F40E /* MealsListView.swift */,
				F86D7709000C4047AFC80152 /* MealRowView.swift */,
			);
			path = Nutrition;
			sourceTree = "<group>";
		};
		F2679C5825F443C280CA6FEA /* Reminders */ = {
			isa = PBXGroup;
			children = (
				7E9B2329F09042A8BC79F528 /* ReminderDetailView.swift */,
				9C377AEFEEB94DCBBAE9BCFC /* AddReminderView.swift */,
				70250A26401149089C244A30 /* ReminderRowView.swift */,
				4461348A7357409A8D8A216E /* RemindersListView.swift */,
			);
			path = Reminders;
			sourceTree = "<group>";
		};
		0ED39928D5DB450F97FCD374 /* ViewModels */ = {
			isa = PBXGroup;
			children = (
			);
			path = ViewModels;
			sourceTree = "<group>";
		};
		C9C9FC9EE07842AE99557B1F /* Services */ = {
			isa = PBXGroup;
			children = (
				A659126D53394F5CA26A0605 /* APIKeys.swift */,
				A7EFB0983EA04DFC881BF5B7 /* ImagePicker.swift */,
				37785D1D0541436F81E12DE2 /* GeminiService.swift */,
				3D1FFF9F4E234F94AED02E48 /* NotificationService.swift */,
				16EA56F803D046DBBEA200E3 /* LiveActivityService.swift */,
				2596DCB9A57943839BABF507 /* DeepLinkRouter.swift */,
			);
			path = Services;
			sourceTree = "<group>";
		};
		2BDB8E2375784359B652F09A /* Extensions */ = {
			isa = PBXGroup;
			children = (
				EC9555438FAF491B9416AEC4 /* Int+TimeFormatting.swift */,
			);
			path = Extensions;
			sourceTree = "<group>";
		};
		897F0E213C0D465DBCBC18AB /* Resources */ = {
			isa = PBXGroup;
			children = (
				8D5EC34DAD544FC08A2C9161 /* Assets.xcassets */,
			);
			path = Resources;
			sourceTree = "<group>";
		};
/* End PBXGroup section */

/* Begin PBXNativeTarget section */
		AAC9267AC1D54263BC5EFAD1 /* DialedIn */ = {
			isa = PBXNativeTarget;
			buildConfigurationList = DBAD271CEEB343DBB8408D09;
			buildPhases = (
				251E33FDA3CD41FFAB3EDABB /* Sources */,
				3E6477C8F8094C7F8B30A0F7 /* Frameworks */,
				4B16933E661242A48ADF9546 /* Resources */,
				B24CB92F6B3F46CD824A2F67 /* Embed Foundation Extensions */,
			);
			buildRules = (
			);
			dependencies = (
				A1F2D29BCD2F41038C54094C /* PBXTargetDependency */,
			);
			name = DialedIn;
			productName = DialedIn;
			productReference = 5AC17F4CC5C14A9EB437894C;
			productType = "com.apple.product-type.application";
		};
		57966A53A85B436BA95D7565 /* DialedInTimer */ = {
			isa = PBXNativeTarget;
			buildConfigurationList = E621C3FE750B4CADA4ABC23C;
			buildPhases = (
				9670CEFE639D4F89AFBD0546 /* Sources */,
				C22C321C315D4B1CBB54281A /* Frameworks */,
				C8625E2B527941C0A23E9692 /* Resources */,
			);
			buildRules = (
			);
			dependencies = (
			);
			name = DialedInTimer;
			productName = DialedInTimer;
			productReference = A106EE30BB134DDA96A7CEEF;
			productType = "com.apple.product-type.app-extension";
		};
/* End PBXNativeTarget section */

/* Begin PBXProject section */
		B9D815A0BB854EF2AB50C0A3 /* Project object */ = {
			isa = PBXProject;
			attributes = {
				BuildIndependentTargetsInParallel = 1;
				LastSwiftUpdateCheck = 1540;
				LastUpgradeCheck = 1540;
			};
			buildConfigurationList = 8ABAC18BD3EA4962A11E0C0F;
			compatibilityVersion = "Xcode 14.0";
			developmentRegion = bg;
			hasScannedForEncodings = 0;
			knownRegions = (
				bg,
				Base,
			);
			mainGroup = AA9F6DE661AD42FF8D1C59EE;
			productRefGroup = 6B2A39160BDD4BC48CF97C90;
			projectDirPath = "";
			projectRoot = "";
			targets = (
				AAC9267AC1D54263BC5EFAD1 /* DialedIn */,
				57966A53A85B436BA95D7565 /* DialedInTimer */,
			);
		};
/* End PBXProject section */

/* Begin PBXResourcesBuildPhase section */
		4B16933E661242A48ADF9546 /* Resources */ = {
			isa = PBXResourcesBuildPhase;
			buildActionMask = 2147483647;
			files = (
				0325F7303F5B4411819D48B6 /* Assets.xcassets in Resources */,
			);
			runOnlyForDeploymentPostprocessing = 0;
		};
		C8625E2B527941C0A23E9692 /* Resources */ = {
			isa = PBXResourcesBuildPhase;
			buildActionMask = 2147483647;
			files = (
			);
			runOnlyForDeploymentPostprocessing = 0;
		};
/* End PBXResourcesBuildPhase section */

/* Begin PBXSourcesBuildPhase section */
		251E33FDA3CD41FFAB3EDABB /* Sources */ = {
			isa = PBXSourcesBuildPhase;
			buildActionMask = 2147483647;
			files = (
				209A060FEB144F37A6D9A323 /* DialedInApp.swift in Sources */,
				21690F91E30F44858BDE7AFD /* AppTheme.swift in Sources */,
				84189582612143D69F404CCF /* AppDelegate.swift in Sources */,
				9477890C95D54D459C692F15 /* MealCategory.swift in Sources */,
				4367BAA8E857470D9A485A3A /* Reminder.swift in Sources */,
				9059C92C420544BC8C3BF7F0 /* AppError.swift in Sources */,
				63B10EAAEE67494B9884E252 /* ReminderEntry.swift in Sources */,
				0BDAD6B70E4E4781ACF2CB16 /* Meal.swift in Sources */,
				E4580AD6438E4C2DBEA680B1 /* ActivitySession.swift in Sources */,
				44AFF7CBF07E4F6983431A44 /* TimerActivityAttributes.swift in Sources */,
				B97E671821314BC5B73925F9 /* ActivityType.swift in Sources */,
				67088D1900644BAFBE20EA48 /* Activity.swift in Sources */,
				2956F858AD6A4901989656D2 /* Int+TimeFormatting.swift in Sources */,
				1790206C047B4E5498956DAF /* SettingsView.swift in Sources */,
				FD30AB18FD1446FF8DA93EC8 /* HomeView.swift in Sources */,
				0C84887983A244D1A7667751 /* ContentView.swift in Sources */,
				CEC29CE36DF1434AB007B1AA /* SessionDetailView.swift in Sources */,
				D6510F62BF6942DABC94D156 /* ActivitiesListView.swift in Sources */,
				EC149B5E4034425797E3F538 /* StartSessionView.swift in Sources */,
				EA92A0803E824E34950DB889 /* SessionHistoryView.swift in Sources */,
				BDDAD3AD3237497D93E46CDF /* ActiveTimerView.swift in Sources */,
				C999999C61C64D1E98A0B09A /* AddActivityView.swift in Sources */,
				F2D108945DC44923B1D91642 /* MealDetailView.swift in Sources */,
				28B9AFD152594D61AF6DC900 /* AddMealView.swift in Sources */,
				010A583888D1492D8BF2D37A /* MealsListView.swift in Sources */,
				7D7E6CCCF02E420494914BC8 /* MealRowView.swift in Sources */,
				27D8D776689D4FF6B7A4C3E9 /* ReminderDetailView.swift in Sources */,
				1D6F105F16324D0A82E63FC6 /* AddReminderView.swift in Sources */,
				154FF3E2A77E482CA3D699BE /* ReminderRowView.swift in Sources */,
				3A91E0AF3D1C4E23B898E7C5 /* RemindersListView.swift in Sources */,
				D6EA0607186446AC9403D396 /* APIKeys.swift in Sources */,
				4978CC958D724B6FAE34ABAD /* ImagePicker.swift in Sources */,
				12E98651CDD3499482D0105C /* GeminiService.swift in Sources */,
				E726A603D273422FA30CA1C7 /* NotificationService.swift in Sources */,
				1D1569B2A03548878163E03F /* LiveActivityService.swift in Sources */,
				AEBCAB02A45D4BF398E43BA7 /* DeepLinkRouter.swift in Sources */,
			);
			runOnlyForDeploymentPostprocessing = 0;
		};
		9670CEFE639D4F89AFBD0546 /* Sources */ = {
			isa = PBXSourcesBuildPhase;
			buildActionMask = 2147483647;
			files = (
				7136F015999747B8A7EBC0D4 /* DialedInTimerLiveActivity.swift in Sources */,
				AA1093F3A46A445581F095F6 /* DialedInTimerBundle.swift in Sources */,
				9783F4DCF9884A1082C05DC6 /* TimerActivityAttributes.swift in Sources */,
			);
			runOnlyForDeploymentPostprocessing = 0;
		};
/* End PBXSourcesBuildPhase section */

/* Begin PBXTargetDependency section */
		A1F2D29BCD2F41038C54094C /* PBXTargetDependency */ = {
			isa = PBXTargetDependency;
			target = 57966A53A85B436BA95D7565 /* DialedInTimer */;
			targetProxy = 384A12DE19884C36972FD4A5 /* PBXContainerItemProxy */;
		};
/* End PBXTargetDependency section */

/* Begin XCBuildConfiguration section */
		AFAD809CD5BA4EEE9AFA6E5A /* Debug */ = {
			isa = XCBuildConfiguration;
			buildSettings = {
				ALWAYS_SEARCH_USER_PATHS = NO;
				CLANG_ENABLE_MODULES = YES;
				CLANG_ENABLE_OBJC_ARC = YES;
				COPY_PHASE_STRIP = NO;
				DEBUG_INFORMATION_FORMAT = dwarf;
				ENABLE_STRICT_OBJC_MSGSEND = YES;
				ENABLE_TESTABILITY = YES;
				GCC_DYNAMIC_NO_PIC = NO;
				GCC_OPTIMIZATION_LEVEL = 0;
				GCC_PREPROCESSOR_DEFINITIONS = (
					"DEBUG=1",
					"$(inherited)",
				);
				IPHONEOS_DEPLOYMENT_TARGET = 17.0;
				MTL_ENABLE_DEBUG_INFO = INCLUDE_SOURCE;
				ONLY_ACTIVE_ARCH = YES;
				SDKROOT = iphoneos;
				SWIFT_ACTIVE_COMPILATION_CONDITIONS = "$(inherited) DEBUG";
				SWIFT_OPTIMIZATION_LEVEL = "-Onone";
			};
			name = Debug;
		};
		E7B9CFF7F6E24AE387EFA370 /* Release */ = {
			isa = XCBuildConfiguration;
			buildSettings = {
				ALWAYS_SEARCH_USER_PATHS = NO;
				CLANG_ENABLE_MODULES = YES;
				CLANG_ENABLE_OBJC_ARC = YES;
				COPY_PHASE_STRIP = NO;
				DEBUG_INFORMATION_FORMAT = "dwarf-with-dsym";
				ENABLE_NS_ASSERTIONS = NO;
				ENABLE_STRICT_OBJC_MSGSEND = YES;
				IPHONEOS_DEPLOYMENT_TARGET = 17.0;
				MTL_ENABLE_DEBUG_INFO = NO;
				SDKROOT = iphoneos;
				SWIFT_COMPILATION_MODE = wholemodule;
				VALIDATE_PRODUCT = YES;
			};
			name = Release;
		};
		783808C4AD0D46FC8F662F1D /* Debug */ = {
			isa = XCBuildConfiguration;
			buildSettings = {
				ASSETCATALOG_COMPILER_APPICON_NAME = AppIcon;
				ASSETCATALOG_COMPILER_GLOBAL_ACCENT_COLOR_NAME = AccentColor;
				CODE_SIGN_STYLE = Automatic;
				CURRENT_PROJECT_VERSION = 1;
				GENERATE_INFOPLIST_FILE = YES;
				INFOPLIST_KEY_CFBundleDisplayName = DialedIn;
				INFOPLIST_KEY_LSApplicationCategoryType = "public.app-category.lifestyle";
				INFOPLIST_KEY_NSCameraUsageDescription = "DialedIn uses the camera for progress photos.";
				INFOPLIST_KEY_NSHealthShareUsageDescription = "DialedIn reads your health data to track fitness goals.";
				INFOPLIST_KEY_UIApplicationSceneManifest_Generation = YES;
				INFOPLIST_KEY_UIApplicationSupportsIndirectInputEvents = YES;
				INFOPLIST_KEY_UILaunchScreen_Generation = YES;
				INFOPLIST_KEY_UISupportedInterfaceOrientations_iPad = "UIInterfaceOrientationPortrait UIInterfaceOrientationPortraitUpsideDown UIInterfaceOrientationLandscapeLeft UIInterfaceOrientationLandscapeRight";
				INFOPLIST_KEY_UISupportedInterfaceOrientations_iPhone = "UIInterfaceOrientationPortrait UIInterfaceOrientationLandscapeLeft UIInterfaceOrientationLandscapeRight";
				INFOPLIST_KEY_NSSupportsLiveActivities = YES;
				LD_RUNPATH_SEARCH_PATHS = (
					"$(inherited)",
					"@executable_path/Frameworks",
				);
				MARKETING_VERSION = 1.0;
				PRODUCT_BUNDLE_IDENTIFIER = "com.dialedin.app";
				PRODUCT_NAME = "$(TARGET_NAME)";
				SWIFT_EMIT_LOC_STRINGS = YES;
				SWIFT_VERSION = 5.0;
				TARGETED_DEVICE_FAMILY = "1,2";
			};
			name = Debug;
		};
		837C5A830FF44BD698F53C70 /* Release */ = {
			isa = XCBuildConfiguration;
			buildSettings = {
				ASSETCATALOG_COMPILER_APPICON_NAME = AppIcon;
				ASSETCATALOG_COMPILER_GLOBAL_ACCENT_COLOR_NAME = AccentColor;
				CODE_SIGN_STYLE = Automatic;
				CURRENT_PROJECT_VERSION = 1;
				GENERATE_INFOPLIST_FILE = YES;
				INFOPLIST_KEY_CFBundleDisplayName = DialedIn;
				INFOPLIST_KEY_LSApplicationCategoryType = "public.app-category.lifestyle";
				INFOPLIST_KEY_NSCameraUsageDescription = "DialedIn uses the camera for progress photos.";
				INFOPLIST_KEY_NSHealthShareUsageDescription = "DialedIn reads your health data to track fitness goals.";
				INFOPLIST_KEY_UIApplicationSceneManifest_Generation = YES;
				INFOPLIST_KEY_UIApplicationSupportsIndirectInputEvents = YES;
				INFOPLIST_KEY_UILaunchScreen_Generation = YES;
				INFOPLIST_KEY_UISupportedInterfaceOrientations_iPad = "UIInterfaceOrientationPortrait UIInterfaceOrientationPortraitUpsideDown UIInterfaceOrientationLandscapeLeft UIInterfaceOrientationLandscapeRight";
				INFOPLIST_KEY_UISupportedInterfaceOrientations_iPhone = "UIInterfaceOrientationPortrait UIInterfaceOrientationLandscapeLeft UIInterfaceOrientationLandscapeRight";
				INFOPLIST_KEY_NSSupportsLiveActivities = YES;
				LD_RUNPATH_SEARCH_PATHS = (
					"$(inherited)",
					"@executable_path/Frameworks",
				);
				MARKETING_VERSION = 1.0;
				PRODUCT_BUNDLE_IDENTIFIER = "com.dialedin.app";
				PRODUCT_NAME = "$(TARGET_NAME)";
				SWIFT_EMIT_LOC_STRINGS = YES;
				SWIFT_VERSION = 5.0;
				TARGETED_DEVICE_FAMILY = "1,2";
			};
			name = Release;
		};
		893082D371714F4584BB6F20 /* Debug */ = {
			isa = XCBuildConfiguration;
			buildSettings = {
				CODE_SIGN_STYLE = Automatic;
				CURRENT_PROJECT_VERSION = 1;
				GENERATE_INFOPLIST_FILE = YES;
				INFOPLIST_FILE = DialedInTimer/Info.plist;
				INFOPLIST_KEY_CFBundleDisplayName = DialedInTimer;
				INFOPLIST_KEY_NSHumanReadableCopyright = "";
				LD_RUNPATH_SEARCH_PATHS = (
					"$(inherited)",
					"@executable_path/Frameworks",
					"@executable_path/../../Frameworks",
				);
				MARKETING_VERSION = 1.0;
				PRODUCT_BUNDLE_IDENTIFIER = "com.dialedin.app.DialedInTimer";
				PRODUCT_NAME = "$(TARGET_NAME)";
				SKIP_INSTALL = YES;
				SWIFT_EMIT_LOC_STRINGS = YES;
				SWIFT_VERSION = 5.0;
				TARGETED_DEVICE_FAMILY = "1,2";
			};
			name = Debug;
		};
		908407926B444A7392EFE5A5 /* Release */ = {
			isa = XCBuildConfiguration;
			buildSettings = {
				CODE_SIGN_STYLE = Automatic;
				CURRENT_PROJECT_VERSION = 1;
				GENERATE_INFOPLIST_FILE = YES;
				INFOPLIST_FILE = DialedInTimer/Info.plist;
				INFOPLIST_KEY_CFBundleDisplayName = DialedInTimer;
				INFOPLIST_KEY_NSHumanReadableCopyright = "";
				LD_RUNPATH_SEARCH_PATHS = (
					"$(inherited)",
					"@executable_path/Frameworks",
					"@executable_path/../../Frameworks",
				);
				MARKETING_VERSION = 1.0;
				PRODUCT_BUNDLE_IDENTIFIER = "com.dialedin.app.DialedInTimer";
				PRODUCT_NAME = "$(TARGET_NAME)";
				SKIP_INSTALL = YES;
				SWIFT_EMIT_LOC_STRINGS = YES;
				SWIFT_VERSION = 5.0;
				TARGETED_DEVICE_FAMILY = "1,2";
			};
			name = Release;
		};
/* End XCBuildConfiguration section */

/* Begin XCConfigurationList section */
		8ABAC18BD3EA4962A11E0C0F /* Build configuration list for PBXProject */ = {
			isa = XCConfigurationList;
			buildConfigurations = (
				AFAD809CD5BA4EEE9AFA6E5A /* Debug */,
				E7B9CFF7F6E24AE387EFA370 /* Release */,
			);
			defaultConfigurationIsVisible = 0;
			defaultConfigurationName = Release;
		};
		DBAD271CEEB343DBB8408D09 /* Build configuration list for PBXNativeTarget DialedIn */ = {
			isa = XCConfigurationList;
			buildConfigurations = (
				783808C4AD0D46FC8F662F1D /* Debug */,
				837C5A830FF44BD698F53C70 /* Release */,
			);
			defaultConfigurationIsVisible = 0;
			defaultConfigurationName = Release;
		};
		E621C3FE750B4CADA4ABC23C /* Build configuration list for PBXNativeTarget DialedInTimer */ = {
			isa = XCConfigurationList;
			buildConfigurations = (
				893082D371714F4584BB6F20 /* Debug */,
				908407926B444A7392EFE5A5 /* Release */,
			);
			defaultConfigurationIsVisible = 0;
			defaultConfigurationName = Release;
		};
/* End XCConfigurationList section */

	};
	rootObject = B9D815A0BB854EF2AB50C0A3 /* Project object */;
}